// !$*UTF8*$!
{
	archiveVersion = 1;
	classes = {
	};
	objectVersion = 46;
	objects = {

/* Begin PBXBuildFile section */
		0D749B9C1E7A8AD700E26FD3 /* main.m in Sources */ = {isa = PBXBuildFile; fileRef = 0D749B9B1E7A8AD700E26FD3 /* main.m */; };
		0D749B9F1E7A8AD700E26FD3 /* AppDelegate.m in Sources */ = {isa = PBXBuildFile; fileRef = 0D749B9E1E7A8AD700E26FD3 /* AppDelegate.m */; };
		0D749BA21E7A8AD700E26FD3 /* ViewController.m in Sources */ = {isa = PBXBuildFile; fileRef = 0D749BA11E7A8AD700E26FD3 /* ViewController.m */; };
		0D749BA51E7A8AD700E26FD3 /* Main.storyboard in Resources */ = {isa = PBXBuildFile; fileRef = 0D749BA31E7A8AD700E26FD3 /* Main.storyboard */; };
		0D749BA71E7A8AD700E26FD3 /* Assets.xcassets in Resources */ = {isa = PBXBuildFile; fileRef = 0D749BA61E7A8AD700E26FD3 /* Assets.xcassets */; };
		0D749BAA1E7A8AD700E26FD3 /* LaunchScreen.storyboard in Resources */ = {isa = PBXBuildFile; fileRef = 0D749BA81E7A8AD700E26FD3 /* LaunchScreen.storyboard */; };
		0D749BB51E7A8AD700E26FD3 /* CKPlayerDemoTests.m in Sources */ = {isa = PBXBuildFile; fileRef = 0D749BB41E7A8AD700E26FD3 /* CKPlayerDemoTests.m */; };
		0D749BC01E7A8AD700E26FD3 /* CKPlayerDemoUITests.m in Sources */ = {isa = PBXBuildFile; fileRef = 0D749BBF1E7A8AD700E26FD3 /* CKPlayerDemoUITests.m */; };
		0D749BCF1E7A8B0F00E26FD3 /* CKPlayerView.m in Sources */ = {isa = PBXBuildFile; fileRef = 0D749BCE1E7A8B0F00E26FD3 /* CKPlayerView.m */; };
		0D749BD21E7A8B7700E26FD3 /* CKMaskView.m in Sources */ = {isa = PBXBuildFile; fileRef = 0D749BD11E7A8B7700E26FD3 /* CKMaskView.m */; };
		0D749BD51E7A8BB400E26FD3 /* CKSlider.m in Sources */ = {isa = PBXBuildFile; fileRef = 0D749BD41E7A8BB400E26FD3 /* CKSlider.m */; };
		0D7AF7111E7BBF5400910C7B /* LICENSE in Resources */ = {isa = PBXBuildFile; fileRef = 0D7AF7011E7BBF5400910C7B /* LICENSE */; };
		0D7AF7121E7BBF5400910C7B /* MBProgressHUD.m in Sources */ = {isa = PBXBuildFile; fileRef = 0D7AF7031E7BBF5400910C7B /* MBProgressHUD.m */; };
		0D7AF7131E7BBF5400910C7B /* README.mdown in Sources */ = {isa = PBXBuildFile; fileRef = 0D7AF7041E7BBF5400910C7B /* README.mdown */; };
		0D7AF7321E7BBF8200910C7B /* MASCompositeConstraint.m in Sources */ = {isa = PBXBuildFile; fileRef = 0D7AF7151E7BBF8200910C7B /* MASCompositeConstraint.m */; };
		0D7AF7331E7BBF8200910C7B /* MASConstraint.m in Sources */ = {isa = PBXBuildFile; fileRef = 0D7AF7171E7BBF8200910C7B /* MASConstraint.m */; };
		0D7AF7341E7BBF8200910C7B /* MASConstraintMaker.m in Sources */ = {isa = PBXBuildFile; fileRef = 0D7AF71A1E7BBF8200910C7B /* MASConstraintMaker.m */; };
		0D7AF7351E7BBF8200910C7B /* MASLayoutConstraint.m in Sources */ = {isa = PBXBuildFile; fileRef = 0D7AF71C1E7BBF8200910C7B /* MASLayoutConstraint.m */; };
		0D7AF7361E7BBF8200910C7B /* MASViewAttribute.m in Sources */ = {isa = PBXBuildFile; fileRef = 0D7AF7201E7BBF8200910C7B /* MASViewAttribute.m */; };
		0D7AF7371E7BBF8200910C7B /* MASViewConstraint.m in Sources */ = {isa = PBXBuildFile; fileRef = 0D7AF7221E7BBF8200910C7B /* MASViewConstraint.m */; };
		0D7AF7381E7BBF8200910C7B /* NSArray+MASAdditions.m in Sources */ = {isa = PBXBuildFile; fileRef = 0D7AF7241E7BBF8200910C7B /* NSArray+MASAdditions.m */; };
		0D7AF7391E7BBF8200910C7B /* NSLayoutConstraint+MASDebugAdditions.m in Sources */ = {isa = PBXBuildFile; fileRef = 0D7AF7271E7BBF8200910C7B /* NSLayoutConstraint+MASDebugAdditions.m */; };
		0D7AF73A1E7BBF8200910C7B /* View+MASAdditions.m in Sources */ = {isa = PBXBuildFile; fileRef = 0D7AF7291E7BBF8200910C7B /* View+MASAdditions.m */; };
		0D7AF73B1E7BBF8200910C7B /* ViewController+MASAdditions.m in Sources */ = {isa = PBXBuildFile; fileRef = 0D7AF72C1E7BBF8200910C7B /* ViewController+MASAdditions.m */; };
		0D7AF73C1E7BBF8200910C7B /* Masonry.xcconfig in Resources */ = {isa = PBXBuildFile; fileRef = 0D7AF72D1E7BBF8200910C7B /* Masonry.xcconfig */; };
		0D7AF73D1E7BBF8200910C7B /* Masonry-dummy.m in Sources */ = {isa = PBXBuildFile; fileRef = 0D7AF72E1E7BBF8200910C7B /* Masonry-dummy.m */; };
		0D7AF74D1E7BC93100910C7B /* CKPlayer.bundle in Resources */ = {isa = PBXBuildFile; fileRef = 0D7AF74C1E7BC93100910C7B /* CKPlayer.bundle */; };
/* End PBXBuildFile section */

/* Begin PBXContainerItemProxy section */
		0D749BB11E7A8AD700E26FD3 /* PBXContainerItemProxy */ = {
			isa = PBXContainerItemProxy;
			containerPortal = 0D749B8F1E7A8AD600E26FD3 /* Project object */;
			proxyType = 1;
			remoteGlobalIDString = 0D749B961E7A8AD600E26FD3;
			remoteInfo = CKPlayerDemo;
		};
		0D749BBC1E7A8AD700E26FD3 /* PBXContainerItemProxy */ = {
			isa = PBXContainerItemProxy;
			containerPortal = 0D749B8F1E7A8AD600E26FD3 /* Project object */;
			proxyType = 1;
			remoteGlobalIDString = 0D749B961E7A8AD600E26FD3;
			remoteInfo = CKPlayerDemo;
		};
/* End PBXContainerItemProxy section */

/* Begin PBXFileReference section */
		0D749B971E7A8AD600E26FD3 /* CKPlayerDemo.app */ = {isa = PBXFileReference; explicitFileType = wrapper.application; includeInIndex = 0; path = CKPlayerDemo.app; sourceTree = BUILT_PRODUCTS_DIR; };
		0D749B9B1E7A8AD700E26FD3 /* main.m */ = {isa = PBXFileReference; lastKnownFileType = sourcecode.c.objc; path = main.m; sourceTree = "<group>"; };
		0D749B9D1E7A8AD700E26FD3 /* AppDelegate.h */ = {isa = PBXFileReference; lastKnownFileType = sourcecode.c.h; path = AppDelegate.h; sourceTree = "<group>"; };
		0D749B9E1E7A8AD700E26FD3 /* AppDelegate.m */ = {isa = PBXFileReference; lastKnownFileType = sourcecode.c.objc; path = AppDelegate.m; sourceTree = "<group>"; };
		0D749BA01E7A8AD700E26FD3 /* ViewController.h */ = {isa = PBXFileReference; lastKnownFileType = sourcecode.c.h; path = ViewController.h; sourceTree = "<group>"; };
		0D749BA11E7A8AD700E26FD3 /* ViewController.m */ = {isa = PBXFileReference; lastKnownFileType = sourcecode.c.objc; path = ViewController.m; sourceTree = "<group>"; };
		0D749BA41E7A8AD700E26FD3 /* Base */ = {isa = PBXFileReference; lastKnownFileType = file.storyboard; name = Base; path = Base.lproj/Main.storyboard; sourceTree = "<group>"; };
		0D749BA61E7A8AD700E26FD3 /* Assets.xcassets */ = {isa = PBXFileReference; lastKnownFileType = folder.assetcatalog; path = Assets.xcassets; sourceTree = "<group>"; };
		0D749BA91E7A8AD700E26FD3 /* Base */ = {isa = PBXFileReference; lastKnownFileType = file.storyboard; name = Base; path = Base.lproj/LaunchScreen.storyboard; sourceTree = "<group>"; };
		0D749BAB1E7A8AD700E26FD3 /* Info.plist */ = {isa = PBXFileReference; lastKnownFileType = text.plist.xml; path = Info.plist; sourceTree = "<group>"; };
		0D749BB01E7A8AD700E26FD3 /* CKPlayerDemoTests.xctest */ = {isa = PBXFileReference; explicitFileType = wrapper.cfbundle; includeInIndex = 0; path = CKPlayerDemoTests.xctest; sourceTree = BUILT_PRODUCTS_DIR; };
		0D749BB41E7A8AD700E26FD3 /* CKPlayerDemoTests.m */ = {isa = PBXFileReference; lastKnownFileType = sourcecode.c.objc; path = CKPlayerDemoTests.m; sourceTree = "<group>"; };
		0D749BB61E7A8AD700E26FD3 /* Info.plist */ = {isa = PBXFileReference; lastKnownFileType = text.plist.xml; path = Info.plist; sourceTree = "<group>"; };
		0D749BBB1E7A8AD700E26FD3 /* CKPlayerDemoUITests.xctest */ = {isa = PBXFileReference; explicitFileType = wrapper.cfbundle; includeInIndex = 0; path = CKPlayerDemoUITests.xctest; sourceTree = BUILT_PRODUCTS_DIR; };
		0D749BBF1E7A8AD700E26FD3 /* CKPlayerDemoUITests.m */ = {isa = PBXFileReference; lastKnownFileType = sourcecode.c.objc; path = CKPlayerDemoUITests.m; sourceTree = "<group>"; };
		0D749BC11E7A8AD700E26FD3 /* Info.plist */ = {isa = PBXFileReference; lastKnownFileType = text.plist.xml; path = Info.plist; sourceTree = "<group>"; };
		0D749BCD1E7A8B0E00E26FD3 /* CKPlayerView.h */ = {isa = PBXFileReference; fileEncoding = 4; lastKnownFileType = sourcecode.c.h; path = CKPlayerView.h; sourceTree = "<group>"; };
		0D749BCE1E7A8B0F00E26FD3 /* CKPlayerView.m */ = {isa = PBXFileReference; fileEncoding = 4; lastKnownFileType = sourcecode.c.objc; path = CKPlayerView.m; sourceTree = "<group>"; };
		0D749BD01E7A8B7700E26FD3 /* CKMaskView.h */ = {isa = PBXFileReference; fileEncoding = 4; lastKnownFileType = sourcecode.c.h; path = CKMaskView.h; sourceTree = "<group>"; };
		0D749BD11E7A8B7700E26FD3 /* CKMaskView.m */ = {isa = PBXFileReference; fileEncoding = 4; lastKnownFileType = sourcecode.c.objc; path = CKMaskView.m; sourceTree = "<group>"; };
		0D749BD31E7A8BB400E26FD3 /* CKSlider.h */ = {isa = PBXFileReference; fileEncoding = 4; lastKnownFileType = sourcecode.c.h; path = CKSlider.h; sourceTree = "<group>"; };
		0D749BD41E7A8BB400E26FD3 /* CKSlider.m */ = {isa = PBXFileReference; fileEncoding = 4; lastKnownFileType = sourcecode.c.objc; path = CKSlider.m; sourceTree = "<group>"; };
		0D7AF7011E7BBF5400910C7B /* LICENSE */ = {isa = PBXFileReference; fileEncoding = 4; lastKnownFileType = text; path = LICENSE; sourceTree = "<group>"; };
		0D7AF7021E7BBF5400910C7B /* MBProgressHUD.h */ = {isa = PBXFileReference; fileEncoding = 4; lastKnownFileType = sourcecode.c.h; path = MBProgressHUD.h; sourceTree = "<group>"; };
		0D7AF7031E7BBF5400910C7B /* MBProgressHUD.m */ = {isa = PBXFileReference; fileEncoding = 4; lastKnownFileType = sourcecode.c.objc; path = MBProgressHUD.m; sourceTree = "<group>"; };
		0D7AF7041E7BBF5400910C7B /* README.mdown */ = {isa = PBXFileReference; fileEncoding = 4; lastKnownFileType = net.daringfireball.markdown; path = README.mdown; sourceTree = "<group>"; };
		0D7AF7141E7BBF8200910C7B /* MASCompositeConstraint.h */ = {isa = PBXFileReference; fileEncoding = 4; lastKnownFileType = sourcecode.c.h; name = MASCompositeConstraint.h; path = Masonry/MASCompositeConstraint.h; sourceTree = "<group>"; };
		0D7AF7151E7BBF8200910C7B /* MASCompositeConstraint.m */ = {isa = PBXFileReference; fileEncoding = 4; lastKnownFileType = sourcecode.c.objc; name = MASCompositeConstraint.m; path = Masonry/MASCompositeConstraint.m; sourceTree = "<group>"; };
		0D7AF7161E7BBF8200910C7B /* MASConstraint.h */ = {isa = PBXFileReference; fileEncoding = 4; lastKnownFileType = sourcecode.c.h; name = MASConstraint.h; path = Masonry/MASConstraint.h; sourceTree = "<group>"; };
		0D7AF7171E7BBF8200910C7B /* MASConstraint.m */ = {isa = PBXFileReference; fileEncoding = 4; lastKnownFileType = sourcecode.c.objc; name = MASConstraint.m; path = Masonry/MASConstraint.m; sourceTree = "<group>"; };
		0D7AF7181E7BBF8200910C7B /* MASConstraint+Private.h */ = {isa = PBXFileReference; fileEncoding = 4; lastKnownFileType = sourcecode.c.h; name = "MASConstraint+Private.h"; path = "Masonry/MASConstraint+Private.h"; sourceTree = "<group>"; };
		0D7AF7191E7BBF8200910C7B /* MASConstraintMaker.h */ = {isa = PBXFileReference; fileEncoding = 4; lastKnownFileType = sourcecode.c.h; name = MASConstraintMaker.h; path = Masonry/MASConstraintMaker.h; sourceTree = "<group>"; };
		0D7AF71A1E7BBF8200910C7B /* MASConstraintMaker.m */ = {isa = PBXFileReference; fileEncoding = 4; lastKnownFileType = sourcecode.c.objc; name = MASConstraintMaker.m; path = Masonry/MASConstraintMaker.m; sourceTree = "<group>"; };
		0D7AF71B1E7BBF8200910C7B /* MASLayoutConstraint.h */ = {isa = PBXFileReference; fileEncoding = 4; lastKnownFileType = sourcecode.c.h; name = MASLayoutConstraint.h; path = Masonry/MASLayoutConstraint.h; sourceTree = "<group>"; };
		0D7AF71C1E7BBF8200910C7B /* MASLayoutConstraint.m */ = {isa = PBXFileReference; fileEncoding = 4; lastKnownFileType = sourcecode.c.objc; name = MASLayoutConstraint.m; path = Masonry/MASLayoutConstraint.m; sourceTree = "<group>"; };
		0D7AF71D1E7BBF8200910C7B /* Masonry.h */ = {isa = PBXFileReference; fileEncoding = 4; lastKnownFileType = sourcecode.c.h; name = Masonry.h; path = Masonry/Masonry.h; sourceTree = "<group>"; };
		0D7AF71E1E7BBF8200910C7B /* MASUtilities.h */ = {isa = PBXFileReference; fileEncoding = 4; lastKnownFileType = sourcecode.c.h; name = MASUtilities.h; path = Masonry/MASUtilities.h; sourceTree = "<group>"; };
		0D7AF71F1E7BBF8200910C7B /* MASViewAttribute.h */ = {isa = PBXFileReference; fileEncoding = 4; lastKnownFileType = sourcecode.c.h; name = MASViewAttribute.h; path = Masonry/MASViewAttribute.h; sourceTree = "<group>"; };
		0D7AF7201E7BBF8200910C7B /* MASViewAttribute.m */ = {isa = PBXFileReference; fileEncoding = 4; lastKnownFileType = sourcecode.c.objc; name = MASViewAttribute.m; path = Masonry/MASViewAttribute.m; sourceTree = "<group>"; };
		0D7AF7211E7BBF8200910C7B /* MASViewConstraint.h */ = {isa = PBXFileReference; fileEncoding = 4; lastKnownFileType = sourcecode.c.h; name = MASViewConstraint.h; path = Masonry/MASViewConstraint.h; sourceTree = "<group>"; };
		0D7AF7221E7BBF8200910C7B /* MASViewConstraint.m */ = {isa = PBXFileReference; fileEncoding = 4; lastKnownFileType = sourcecode.c.objc; name = MASViewConstraint.m; path = Masonry/MASViewConstraint.m; sourceTree = "<group>"; };
		0D7AF7231E7BBF8200910C7B /* NSArray+MASAdditions.h */ = {isa = PBXFileReference; fileEncoding = 4; lastKnownFileType = sourcecode.c.h; name = "NSArray+MASAdditions.h"; path = "Masonry/NSArray+MASAdditions.h"; sourceTree = "<group>"; };
		0D7AF7241E7BBF8200910C7B /* NSArray+MASAdditions.m */ = {isa = PBXFileReference; fileEncoding = 4; lastKnownFileType = sourcecode.c.objc; name = "NSArray+MASAdditions.m"; path = "Masonry/NSArray+MASAdditions.m"; sourceTree = "<group>"; };
		0D7AF7251E7BBF8200910C7B /* NSArray+MASShorthandAdditions.h */ = {isa = PBXFileReference; fileEncoding = 4; lastKnownFileType = sourcecode.c.h; name = "NSArray+MASShorthandAdditions.h"; path = "Masonry/NSArray+MASShorthandAdditions.h"; sourceTree = "<group>"; };
		0D7AF7261E7BBF8200910C7B /* NSLayoutConstraint+MASDebugAdditions.h */ = {isa = PBXFileReference; fileEncoding = 4; lastKnownFileType = sourcecode.c.h; name = "NSLayoutConstraint+MASDebugAdditions.h"; path = "Masonry/NSLayoutConstraint+MASDebugAdditions.h"; sourceTree = "<group>"; };
		0D7AF7271E7BBF8200910C7B /* NSLayoutConstraint+MASDebugAdditions.m */ = {isa = PBXFileReference; fileEncoding = 4; lastKnownFileType = sourcecode.c.objc; name = "NSLayoutConstraint+MASDebugAdditions.m"; path = "Masonry/NSLayoutConstraint+MASDebugAdditions.m"; sourceTree = "<group>"; };
		0D7AF7281E7BBF8200910C7B /* View+MASAdditions.h */ = {isa = PBXFileReference; fileEncoding = 4; lastKnownFileType = sourcecode.c.h; name = "View+MASAdditions.h"; path = "Masonry/View+MASAdditions.h"; sourceTree = "<group>"; };
		0D7AF7291E7BBF8200910C7B /* View+MASAdditions.m */ = {isa = PBXFileReference; fileEncoding = 4; lastKnownFileType = sourcecode.c.objc; name = "View+MASAdditions.m"; path = "Masonry/View+MASAdditions.m"; sourceTree = "<group>"; };
		0D7AF72A1E7BBF8200910C7B /* View+MASShorthandAdditions.h */ = {isa = PBXFileReference; fileEncoding = 4; lastKnownFileType = sourcecode.c.h; name = "View+MASShorthandAdditions.h"; path = "Masonry/View+MASShorthandAdditions.h"; sourceTree = "<group>"; };
		0D7AF72B1E7BBF8200910C7B /* ViewController+MASAdditions.h */ = {isa = PBXFileReference; fileEncoding = 4; lastKnownFileType = sourcecode.c.h; name = "ViewController+MASAdditions.h"; path = "Masonry/ViewController+MASAdditions.h"; sourceTree = "<group>"; };
		0D7AF72C1E7BBF8200910C7B /* ViewController+MASAdditions.m */ = {isa = PBXFileReference; fileEncoding = 4; lastKnownFileType = sourcecode.c.objc; name = "ViewController+MASAdditions.m"; path = "Masonry/ViewController+MASAdditions.m"; sourceTree = "<group>"; };
		0D7AF72D1E7BBF8200910C7B /* Masonry.xcconfig */ = {isa = PBXFileReference; fileEncoding = 4; lastKnownFileType = text.xcconfig; path = Masonry.xcconfig; sourceTree = "<group>"; };
		0D7AF72E1E7BBF8200910C7B /* Masonry-dummy.m */ = {isa = PBXFileReference; fileEncoding = 4; lastKnownFileType = sourcecode.c.objc; path = "Masonry-dummy.m"; sourceTree = "<group>"; };
		0D7AF72F1E7BBF8200910C7B /* Masonry-prefix.pch */ = {isa = PBXFileReference; fileEncoding = 4; lastKnownFileType = sourcecode.c.h; path = "Masonry-prefix.pch"; sourceTree = "<group>"; };
		0D7AF74C1E7BC93100910C7B /* CKPlayer.bundle */ = {isa = PBXFileReference; lastKnownFileType = "wrapper.plug-in"; path = CKPlayer.bundle; sourceTree = "<group>"; };
/* End PBXFileReference section */

/* Begin PBXFrameworksBuildPhase section */
		0D749B941E7A8AD600E26FD3 /* Frameworks */ = {
			isa = PBXFrameworksBuildPhase;
			buildActionMask = 2147483647;
			files = (
			);
			runOnlyForDeploymentPostprocessing = 0;
		};
		0D749BAD1E7A8AD700E26FD3 /* Frameworks */ = {
			isa = PBXFrameworksBuildPhase;
			buildActionMask = 2147483647;
			files = (
			);
			runOnlyForDeploymentPostprocessing = 0;
		};
		0D749BB81E7A8AD700E26FD3 /* Frameworks */ = {
			isa = PBXFrameworksBuildPhase;
			buildActionMask = 2147483647;
			files = (
			);
			runOnlyForDeploymentPostprocessing = 0;
		};
/* End PBXFrameworksBuildPhase section */

/* Begin PBXGroup section */
		0D749B8E1E7A8AD600E26FD3 = {
			isa = PBXGroup;
			children = (
				0D7AF74C1E7BC93100910C7B /* CKPlayer.bundle */,
				0D749B991E7A8AD600E26FD3 /* CKPlayerDemo */,
				0D749BB31E7A8AD700E26FD3 /* CKPlayerDemoTests */,
				0D749BBE1E7A8AD700E26FD3 /* CKPlayerDemoUITests */,
				0D749B981E7A8AD600E26FD3 /* Products */,
			);
			sourceTree = "<group>";
		};
		0D749B981E7A8AD600E26FD3 /* Products */ = {
			isa = PBXGroup;
			children = (
				0D749B971E7A8AD600E26FD3 /* CKPlayerDemo.app */,
				0D749BB01E7A8AD700E26FD3 /* CKPlayerDemoTests.xctest */,
				0D749BBB1E7A8AD700E26FD3 /* CKPlayerDemoUITests.xctest */,
			);
			name = Products;
			sourceTree = "<group>";
		};
		0D749B991E7A8AD600E26FD3 /* CKPlayerDemo */ = {
			isa = PBXGroup;
			children = (
				0D749B9D1E7A8AD700E26FD3 /* AppDelegate.h */,
				0D749B9E1E7A8AD700E26FD3 /* AppDelegate.m */,
				0D749BA01E7A8AD700E26FD3 /* ViewController.h */,
				0D749BA11E7A8AD700E26FD3 /* ViewController.m */,
				0D749BCD1E7A8B0E00E26FD3 /* CKPlayerView.h */,
				0D749BCE1E7A8B0F00E26FD3 /* CKPlayerView.m */,
				0D749BD01E7A8B7700E26FD3 /* CKMaskView.h */,
				0D749BD11E7A8B7700E26FD3 /* CKMaskView.m */,
				0D749BD31E7A8BB400E26FD3 /* CKSlider.h */,
				0D749BD41E7A8BB400E26FD3 /* CKSlider.m */,
				0D7AF7311E7BBF8200910C7B /* Masonry */,
				0D7AF7001E7BBF5400910C7B /* MBProgressHUD */,
				0D749BA31E7A8AD700E26FD3 /* Main.storyboard */,
				0D749BA61E7A8AD700E26FD3 /* Assets.xcassets */,
				0D749BA81E7A8AD700E26FD3 /* LaunchScreen.storyboard */,
				0D749BAB1E7A8AD700E26FD3 /* Info.plist */,
				0D749B9A1E7A8AD600E26FD3 /* Supporting Files */,
			);
			path = CKPlayerDemo;
			sourceTree = "<group>";
		};
		0D749B9A1E7A8AD600E26FD3 /* Supporting Files */ = {
			isa = PBXGroup;
			children = (
				0D749B9B1E7A8AD700E26FD3 /* main.m */,
			);
			name = "Supporting Files";
			sourceTree = "<group>";
		};
		0D749BB31E7A8AD700E26FD3 /* CKPlayerDemoTests */ = {
			isa = PBXGroup;
			children = (
				0D749BB41E7A8AD700E26FD3 /* CKPlayerDemoTests.m */,
				0D749BB61E7A8AD700E26FD3 /* Info.plist */,
			);
			path = CKPlayerDemoTests;
			sourceTree = "<group>";
		};
		0D749BBE1E7A8AD700E26FD3 /* CKPlayerDemoUITests */ = {
			isa = PBXGroup;
			children = (
				0D749BBF1E7A8AD700E26FD3 /* CKPlayerDemoUITests.m */,
				0D749BC11E7A8AD700E26FD3 /* Info.plist */,
			);
			path = CKPlayerDemoUITests;
			sourceTree = "<group>";
		};
		0D7AF7001E7BBF5400910C7B /* MBProgressHUD */ = {
			isa = PBXGroup;
			children = (
				0D7AF7011E7BBF5400910C7B /* LICENSE */,
				0D7AF7021E7BBF5400910C7B /* MBProgressHUD.h */,
				0D7AF7031E7BBF5400910C7B /* MBProgressHUD.m */,
				0D7AF7041E7BBF5400910C7B /* README.mdown */,
			);
			path = MBProgressHUD;
			sourceTree = "<group>";
		};
		0D7AF7301E7BBF8200910C7B /* Support Files */ = {
			isa = PBXGroup;
			children = (
				0D7AF72D1E7BBF8200910C7B /* Masonry.xcconfig */,
				0D7AF72E1E7BBF8200910C7B /* Masonry-dummy.m */,
				0D7AF72F1E7BBF8200910C7B /* Masonry-prefix.pch */,
			);
			name = "Support Files";
			path = "../Target Support Files/Masonry";
			sourceTree = "<group>";
		};
		0D7AF7311E7BBF8200910C7B /* Masonry */ = {
			isa = PBXGroup;
			children = (
				0D7AF7141E7BBF8200910C7B /* MASCompositeConstraint.h */,
				0D7AF7151E7BBF8200910C7B /* MASCompositeConstraint.m */,
				0D7AF7161E7BBF8200910C7B /* MASConstraint.h */,
				0D7AF7171E7BBF8200910C7B /* MASConstraint.m */,
				0D7AF7181E7BBF8200910C7B /* MASConstraint+Private.h */,
				0D7AF7191E7BBF8200910C7B /* MASConstraintMaker.h */,
				0D7AF71A1E7BBF8200910C7B /* MASConstraintMaker.m */,
				0D7AF71B1E7BBF8200910C7B /* MASLayoutConstraint.h */,
				0D7AF71C1E7BBF8200910C7B /* MASLayoutConstraint.m */,
				0D7AF71D1E7BBF8200910C7B /* Masonry.h */,
				0D7AF71E1E7BBF8200910C7B /* MASUtilities.h */,
				0D7AF71F1E7BBF8200910C7B /* MASViewAttribute.h */,
				0D7AF7201E7BBF8200910C7B /* MASViewAttribute.m */,
				0D7AF7211E7BBF8200910C7B /* MASViewConstraint.h */,
				0D7AF7221E7BBF8200910C7B /* MASViewConstraint.m */,
				0D7AF7231E7BBF8200910C7B /* NSArray+MASAdditions.h */,
				0D7AF7241E7BBF8200910C7B /* NSArray+MASAdditions.m */,
				0D7AF7251E7BBF8200910C7B /* NSArray+MASShorthandAdditions.h */,
				0D7AF7261E7BBF8200910C7B /* NSLayoutConstraint+MASDebugAdditions.h */,
				0D7AF7271E7BBF8200910C7B /* NSLayoutConstraint+MASDebugAdditions.m */,
				0D7AF7281E7BBF8200910C7B /* View+MASAdditions.h */,
				0D7AF7291E7BBF8200910C7B /* View+MASAdditions.m */,
				0D7AF72A1E7BBF8200910C7B /* View+MASShorthandAdditions.h */,
				0D7AF72B1E7BBF8200910C7B /* ViewController+MASAdditions.h */,
				0D7AF72C1E7BBF8200910C7B /* ViewController+MASAdditions.m */,
				0D7AF7301E7BBF8200910C7B /* Support Files */,
			);
			name = Masonry;
			path = ../../../../../../Pods/Masonry;
			sourceTree = "<group>";
		};
/* End PBXGroup section */

/* Begin PBXNativeTarget section */
		0D749B961E7A8AD600E26FD3 /* CKPlayerDemo */ = {
			isa = PBXNativeTarget;
			buildConfigurationList = 0D749BC41E7A8AD700E26FD3 /* Build configuration list for PBXNativeTarget "CKPlayerDemo" */;
			buildPhases = (
				0D749B931E7A8AD600E26FD3 /* Sources */,
				0D749B941E7A8AD600E26FD3 /* Frameworks */,
				0D749B951E7A8AD600E26FD3 /* Resources */,
			);
			buildRules = (
			);
			dependencies = (
			);
			name = CKPlayerDemo;
			productName = CKPlayerDemo;
			productReference = 0D749B971E7A8AD600E26FD3 /* CKPlayerDemo.app */;
			productType = "com.apple.product-type.application";
		};
		0D749BAF1E7A8AD700E26FD3 /* CKPlayerDemoTests */ = {
			isa = PBXNativeTarget;
			buildConfigurationList = 0D749BC71E7A8AD700E26FD3 /* Build configuration list for PBXNativeTarget "CKPlayerDemoTests" */;
			buildPhases = (
				0D749BAC1E7A8AD700E26FD3 /* Sources */,
				0D749BAD1E7A8AD700E26FD3 /* Frameworks */,
				0D749BAE1E7A8AD700E26FD3 /* Resources */,
			);
			buildRules = (
			);
			dependencies = (
				0D749BB21E7A8AD700E26FD3 /* PBXTargetDependency */,
			);
			name = CKPlayerDemoTests;
			productName = CKPlayerDemoTests;
			productReference = 0D749BB01E7A8AD700E26FD3 /* CKPlayerDemoTests.xctest */;
			productType = "com.apple.product-type.bundle.unit-test";
		};
		0D749BBA1E7A8AD700E26FD3 /* CKPlayerDemoUITests */ = {
			isa = PBXNativeTarget;
			buildConfigurationList = 0D749BCA1E7A8AD700E26FD3 /* Build configuration list for PBXNativeTarget "CKPlayerDemoUITests" */;
			buildPhases = (
				0D749BB71E7A8AD700E26FD3 /* Sources */,
				0D749BB81E7A8AD700E26FD3 /* Frameworks */,
				0D749BB91E7A8AD700E26FD3 /* Resources */,
			);
			buildRules = (
			);
			dependencies = (
				0D749BBD1E7A8AD700E26FD3 /* PBXTargetDependency */,
			);
			name = CKPlayerDemoUITests;
			productName = CKPlayerDemoUITests;
			productReference = 0D749BBB1E7A8AD700E26FD3 /* CKPlayerDemoUITests.xctest */;
			productType = "com.apple.product-type.bundle.ui-testing";
		};
/* End PBXNativeTarget section */

/* Begin PBXProject section */
		0D749B8F1E7A8AD600E26FD3 /* Project object */ = {
			isa = PBXProject;
			attributes = {
				LastUpgradeCheck = 0820;
				ORGANIZATIONNAME = n;
				TargetAttributes = {
					0D749B961E7A8AD600E26FD3 = {
						CreatedOnToolsVersion = 8.2.1;
						DevelopmentTeam = F972623DL2;
						ProvisioningStyle = Automatic;
					};
					0D749BAF1E7A8AD700E26FD3 = {
						CreatedOnToolsVersion = 8.2.1;
						ProvisioningStyle = Automatic;
						TestTargetID = 0D749B961E7A8AD600E26FD3;
					};
					0D749BBA1E7A8AD700E26FD3 = {
						CreatedOnToolsVersion = 8.2.1;
						ProvisioningStyle = Automatic;
						TestTargetID = 0D749B961E7A8AD600E26FD3;
					};
				};
			};
			buildConfigurationList = 0D749B921E7A8AD600E26FD3 /* Build configuration list for PBXProject "CKPlayerDemo" */;
			compatibilityVersion = "Xcode 3.2";
			developmentRegion = English;
			hasScannedForEncodings = 0;
			knownRegions = (
				en,
				Base,
			);
			mainGroup = 0D749B8E1E7A8AD600E26FD3;
			productRefGroup = 0D749B981E7A8AD600E26FD3 /* Products */;
			projectDirPath = "";
			projectRoot = "";
			targets = (
				0D749B961E7A8AD600E26FD3 /* CKPlayerDemo */,
				0D749BAF1E7A8AD700E26FD3 /* CKPlayerDemoTests */,
				0D749BBA1E7A8AD700E26FD3 /* CKPlayerDemoUITests */,
			);
		};
/* End PBXProject section */

/* Begin PBXResourcesBuildPhase section */
		0D749B951E7A8AD600E26FD3 /* Resources */ = {
			isa = PBXResourcesBuildPhase;
			buildActionMask = 2147483647;
			files = (
				0D749BAA1E7A8AD700E26FD3 /* LaunchScreen.storyboard in Resources */,
				0D749BA71E7A8AD700E26FD3 /* Assets.xcassets in Resources */,
				0D7AF73C1E7BBF8200910C7B /* Masonry.xcconfig in Resources */,
				0D749BA51E7A8AD700E26FD3 /* Main.storyboard in Resources */,
				0D7AF74D1E7BC93100910C7B /* CKPlayer.bundle in Resources */,
				0D7AF7111E7BBF5400910C7B /* LICENSE in Resources */,
			);
			runOnlyForDeploymentPostprocessing = 0;
		};
		0D749BAE1E7A8AD700E26FD3 /* Resources */ = {
			isa = PBXResourcesBuildPhase;
			buildActionMask = 2147483647;
			files = (
			);
			runOnlyForDeploymentPostprocessing = 0;
		};
		0D749BB91E7A8AD700E26FD3 /* Resources */ = {
			isa = PBXResourcesBuildPhase;
			buildActionMask = 2147483647;
			files = (
			);
			runOnlyForDeploymentPostprocessing = 0;
		};
/* End PBXResourcesBuildPhase section */

/* Begin PBXSourcesBuildPhase section */
		0D749B931E7A8AD600E26FD3 /* Sources */ = {
			isa = PBXSourcesBuildPhase;
			buildActionMask = 2147483647;
			files = (
				0D7AF7131E7BBF5400910C7B /* README.mdown in Sources */,
				0D749BA21E7A8AD700E26FD3 /* ViewController.m in Sources */,
				0D7AF7381E7BBF8200910C7B /* NSArray+MASAdditions.m in Sources */,
				0D749B9F1E7A8AD700E26FD3 /* AppDelegate.m in Sources */,
				0D749B9C1E7A8AD700E26FD3 /* main.m in Sources */,
				0D7AF73A1E7BBF8200910C7B /* View+MASAdditions.m in Sources */,
				0D7AF7351E7BBF8200910C7B /* MASLayoutConstraint.m in Sources */,
				0D7AF7331E7BBF8200910C7B /* MASConstraint.m in Sources */,
				0D7AF73D1E7BBF8200910C7B /* Masonry-dummy.m in Sources */,
				0D7AF7391E7BBF8200910C7B /* NSLayoutConstraint+MASDebugAdditions.m in Sources */,
				0D7AF7321E7BBF8200910C7B /* MASCompositeConstraint.m in Sources */,
				0D7AF7121E7BBF5400910C7B /* MBProgressHUD.m in Sources */,
				0D749BCF1E7A8B0F00E26FD3 /* CKPlayerView.m in Sources */,
				0D749BD51E7A8BB400E26FD3 /* CKSlider.m in Sources */,
				0D7AF7341E7BBF8200910C7B /* MASConstraintMaker.m in Sources */,
				0D7AF73B1E7BBF8200910C7B /* ViewController+MASAdditions.m in Sources */,
				0D7AF7371E7BBF8200910C7B /* MASViewConstraint.m in Sources */,
				0D749BD21E7A8B7700E26FD3 /* CKMaskView.m in Sources */,
				0D7AF7361E7BBF8200910C7B /* MASViewAttribute.m in Sources */,
			);
			runOnlyForDeploymentPostprocessing = 0;
		};
		0D749BAC1E7A8AD700E26FD3 /* Sources */ = {
			isa = PBXSourcesBuildPhase;
			buildActionMask = 2147483647;
			files = (
				0D749BB51E7A8AD700E26FD3 /* CKPlayerDemoTests.m in Sources */,
			);
			runOnlyForDeploymentPostprocessing = 0;
		};
		0D749BB71E7A8AD700E26FD3 /* Sources */ = {
			isa = PBXSourcesBuildPhase;
			buildActionMask = 2147483647;
			files = (
				0D749BC01E7A8AD700E26FD3 /* CKPlayerDemoUITests.m in Sources */,
			);
			runOnlyForDeploymentPostprocessing = 0;
		};
/* End PBXSourcesBuildPhase section */

/* Begin PBXTargetDependency section */
		0D749BB21E7A8AD700E26FD3 /* PBXTargetDependency */ = {
			isa = PBXTargetDependency;
			target = 0D749B961E7A8AD600E26FD3 /* CKPlayerDemo */;
			targetProxy = 0D749BB11E7A8AD700E26FD3 /* PBXContainerItemProxy */;
		};
		0D749BBD1E7A8AD700E26FD3 /* PBXTargetDependency */ = {
			isa = PBXTargetDependency;
			target = 0D749B961E7A8AD600E26FD3 /* CKPlayerDemo */;
			targetProxy = 0D749BBC1E7A8AD700E26FD3 /* PBXContainerItemProxy */;
		};
/* End PBXTargetDependency section */

/* Begin PBXVariantGroup section */
		0D749BA31E7A8AD700E26FD3 /* Main.storyboard */ = {
			isa = PBXVariantGroup;
			children = (
				0D749BA41E7A8AD700E26FD3 /* Base */,
			);
			name = Main.storyboard;
			sourceTree = "<group>";
		};
		0D749BA81E7A8AD700E26FD3 /* LaunchScreen.storyboard */ = {
			isa = PBXVariantGroup;
			children = (
				0D749BA91E7A8AD700E26FD3 /* Base */,
			);
			name = LaunchScreen.storyboard;
			sourceTree = "<group>";
		};
/* End PBXVariantGroup section */

/* Begin XCBuildConfiguration section */
		0D749BC21E7A8AD700E26FD3 /* Debug */ = {
			isa = XCBuildConfiguration;
			buildSettings = {
				ALWAYS_SEARCH_USER_PATHS = NO;
				CLANG_ANALYZER_NONNULL = YES;
				CLANG_CXX_LANGUAGE_STANDARD = "gnu++0x";
				CLANG_CXX_LIBRARY = "libc++";
				CLANG_ENABLE_MODULES = YES;
				CLANG_ENABLE_OBJC_ARC = YES;
				CLANG_WARN_BOOL_CONVERSION = YES;
				CLANG_WARN_CONSTANT_CONVERSION = YES;
				CLANG_WARN_DIRECT_OBJC_ISA_USAGE = YES_ERROR;
				CLANG_WARN_DOCUMENTATION_COMMENTS = YES;
				CLANG_WARN_EMPTY_BODY = YES;
				CLANG_WARN_ENUM_CONVERSION = YES;
				CLANG_WARN_INFINITE_RECURSION = YES;
				CLANG_WARN_INT_CONVERSION = YES;
				CLANG_WARN_OBJC_ROOT_CLASS = YES_ERROR;
				CLANG_WARN_SUSPICIOUS_MOVE = YES;
				CLANG_WARN_UNREACHABLE_CODE = YES;
				CLANG_WARN__DUPLICATE_METHOD_MATCH = YES;
				"CODE_SIGN_IDENTITY[sdk=iphoneos*]" = "iPhone Developer";
				COPY_PHASE_STRIP = NO;
				DEBUG_INFORMATION_FORMAT = dwarf;
				ENABLE_STRICT_OBJC_MSGSEND = YES;
				ENABLE_TESTABILITY = YES;
				GCC_C_LANGUAGE_STANDARD = gnu99;
				GCC_DYNAMIC_NO_PIC = NO;
				GCC_NO_COMMON_BLOCKS = YES;
				GCC_OPTIMIZATION_LEVEL = 0;
				GCC_PREPROCESSOR_DEFINITIONS = (
					"DEBUG=1",
					"$(inherited)",
				);
				GCC_WARN_64_TO_32_BIT_CONVERSION = YES;
				GCC_WARN_ABOUT_RETURN_TYPE = YES_ERROR;
				GCC_WARN_UNDECLARED_SELECTOR = YES;
				GCC_WARN_UNINITIALIZED_AUTOS = YES_AGGRESSIVE;
				GCC_WARN_UNUSED_FUNCTION = YES;
				GCC_WARN_UNUSED_VARIABLE = YES;
				IPHONEOS_DEPLOYMENT_TARGET = 10.2;
				MTL_ENABLE_DEBUG_INFO = YES;
				ONLY_ACTIVE_ARCH = YES;
				SDKROOT = iphoneos;
				TARGETED_DEVICE_FAMILY = "1,2";
			};
			name = Debug;
		};
		0D749BC31E7A8AD700E26FD3 /* Release */ = {
			isa = XCBuildConfiguration;
			buildSettings = {
				ALWAYS_SEARCH_USER_PATHS = NO;
				CLANG_ANALYZER_NONNULL = YES;
				CLANG_CXX_LANGUAGE_STANDARD = "gnu++0x";
				CLANG_CXX_LIBRARY = "libc++";
				CLANG_ENABLE_MODULES = YES;
				CLANG_ENABLE_OBJC_ARC = YES;
				CLANG_WARN_BOOL_CONVERSION = YES;
				CLANG_WARN_CONSTANT_CONVERSION = YES;
				CLANG_WARN_DIRECT_OBJC_ISA_USAGE = YES_ERROR;
				CLANG_WARN_DOCUMENTATION_COMMENTS = YES;
				CLANG_WARN_EMPTY_BODY = YES;
				CLANG_WARN_ENUM_CONVERSION = YES;
				CLANG_WARN_INFINITE_RECURSION = YES;
				CLANG_WARN_INT_CONVERSION = YES;
				CLANG_WARN_OBJC_ROOT_CLASS = YES_ERROR;
				CLANG_WARN_SUSPICIOUS_MOVE = YES;
				CLANG_WARN_UNREACHABLE_CODE = YES;
				CLANG_WARN__DUPLICATE_METHOD_MATCH = YES;
				"CODE_SIGN_IDENTITY[sdk=iphoneos*]" = "iPhone Developer";
				COPY_PHASE_STRIP = NO;
				DEBUG_INFORMATION_FORMAT = "dwarf-with-dsym";
				ENABLE_NS_ASSERTIONS = NO;
				ENABLE_STRICT_OBJC_MSGSEND = YES;
				GCC_C_LANGUAGE_STANDARD = gnu99;
				GCC_NO_COMMON_BLOCKS = YES;
				GCC_WARN_64_TO_32_BIT_CONVERSION = YES;
				GCC_WARN_ABOUT_RETURN_TYPE = YES_ERROR;
				GCC_WARN_UNDECLARED_SELECTOR = YES;
				GCC_WARN_UNINITIALIZED_AUTOS = YES_AGGRESSIVE;
				GCC_WARN_UNUSED_FUNCTION = YES;
				GCC_WARN_UNUSED_VARIABLE = YES;
				IPHONEOS_DEPLOYMENT_TARGET = 10.2;
				MTL_ENABLE_DEBUG_INFO = NO;
				SDKROOT = iphoneos;
				TARGETED_DEVICE_FAMILY = "1,2";
				VALIDATE_PRODUCT = YES;
			};
			name = Release;
		};
		0D749BC51E7A8AD700E26FD3 /* Debug */ = {
			isa = XCBuildConfiguration;
			buildSettings = {
				ASSETCATALOG_COMPILER_APPICON_NAME = AppIcon;
				DEVELOPMENT_TEAM = F972623DL2;
				INFOPLIST_FILE = CKPlayerDemo/Info.plist;
				LD_RUNPATH_SEARCH_PATHS = "$(inherited) @executable_path/Frameworks";
				PRODUCT_BUNDLE_IDENTIFIER = Owater.CKPlayerDemo;
				PRODUCT_NAME = "$(TARGET_NAME)";
			};
			name = Debug;
		};
		0D749BC61E7A8AD700E26FD3 /* Release */ = {
			isa = XCBuildConfiguration;
			buildSettings = {
				ASSETCATALOG_COMPILER_APPICON_NAME = AppIcon;
				DEVELOPMENT_TEAM = F972623DL2;
				INFOPLIST_FILE = CKPlayerDemo/Info.plist;
				LD_RUNPATH_SEARCH_PATHS = "$(inherited) @executable_path/Frameworks";
				PRODUCT_BUNDLE_IDENTIFIER = Owater.CKPlayerDemo;
				PRODUCT_NAME = "$(TARGET_NAME)";
			};
			name = Release;
		};
		0D749BC81E7A8AD700E26FD3 /* Debug */ = {
			isa = XCBuildConfiguration;
			buildSettings = {
				BUNDLE_LOADER = "$(TEST_HOST)";
				INFOPLIST_FILE = CKPlayerDemoTests/Info.plist;
				LD_RUNPATH_SEARCH_PATHS = "$(inherited) @executable_path/Frameworks @loader_path/Frameworks";
				PRODUCT_BUNDLE_IDENTIFIER = Owater.CKPlayerDemoTests;
				PRODUCT_NAME = "$(TARGET_NAME)";
				TEST_HOST = "$(BUILT_PRODUCTS_DIR)/CKPlayerDemo.app/CKPlayerDemo";
			};
			name = Debug;
		};
		0D749BC91E7A8AD700E26FD3 /* Release */ = {
			isa = XCBuildConfiguration;
			buildSettings = {
				BUNDLE_LOADER = "$(TEST_HOST)";
				INFOPLIST_FILE = CKPlayerDemoTests/Info.plist;
				LD_RUNPATH_SEARCH_PATHS = "$(inherited) @executable_path/Frameworks @loader_path/Frameworks";
				PRODUCT_BUNDLE_IDENTIFIER = Owater.CKPlayerDemoTests;
				PRODUCT_NAME = "$(TARGET_NAME)";
				TEST_HOST = "$(BUILT_PRODUCTS_DIR)/CKPlayerDemo.app/CKPlayerDemo";
			};
			name = Release;
		};
		0D749BCB1E7A8AD700E26FD3 /* Debug */ = {
			isa = XCBuildConfiguration;
			buildSettings = {
				INFOPLIST_FILE = CKPlayerDemoUITests/Info.plist;
				LD_RUNPATH_SEARCH_PATHS = "$(inherited) @executable_path/Frameworks @loader_path/Frameworks";
				PRODUCT_BUNDLE_IDENTIFIER = Owater.CKPlayerDemoUITests;
				PRODUCT_NAME = "$(TARGET_NAME)";
				TEST_TARGET_NAME = CKPlayerDemo;
			};
			name = Debug;
		};
		0D749BCC1E7A8AD700E26FD3 /* Release */ = {
			isa = XCBuildConfiguration;
			buildSettings = {
				INFOPLIST_FILE = CKPlayerDemoUITests/Info.plist;
				LD_RUNPATH_SEARCH_PATHS = "$(inherited) @executable_path/Frameworks @loader_path/Frameworks";
				PRODUCT_BUNDLE_IDENTIFIER = Owater.CKPlayerDemoUITests;
				PRODUCT_NAME = "$(TARGET_NAME)";
				TEST_TARGET_NAME = CKPlayerDemo;
			};
			name = Release;
		};
/* End XCBuildConfiguration section */

/* Begin XCConfigurationList section */
		0D749B921E7A8AD600E26FD3 /* Build configuration list for PBXProject "CKPlayerDemo" */ = {
			isa = XCConfigurationList;
			buildConfigurations = (
				0D749BC21E7A8AD700E26FD3 /* Debug */,
				0D749BC31E7A8AD700E26FD3 /* Release */,
			);
			defaultConfigurationIsVisible = 0;
			defaultConfigurationName = Release;
		};
		0D749BC41E7A8AD700E26FD3 /* Build configuration list for PBXNativeTarget "CKPlayerDemo" */ = {
			isa = XCConfigurationList;
			buildConfigurations = (
				0D749BC51E7A8AD700E26FD3 /* Debug */,
				0D749BC61E7A8AD700E26FD3 /* Release */,
			);
			defaultConfigurationIsVisible = 0;
			defaultConfigurationName = Release;
		};
		0D749BC71E7A8AD700E26FD3 /* Build configuration list for PBXNativeTarget "CKPlayerDemoTests" */ = {
			isa = XCConfigurationList;
			buildConfigurations = (
				0D749BC81E7A8AD700E26FD3 /* Debug */,
				0D749BC91E7A8AD700E26FD3 /* Release */,
			);
			defaultConfigurationIsVisible = 0;
			defaultConfigurationName = Release;
		};
		0D749BCA1E7A8AD700E26FD3 /* Build configuration list for PBXNativeTarget "CKPlayerDemoUITests" */ = {
			isa = XCConfigurationList;
			buildConfigurations = (
				0D749BCB1E7A8AD700E26FD3 /* Debug */,
				0D749BCC1E7A8AD700E26FD3 /* Release */,
			);
			defaultConfigurationIsVisible = 0;
			defaultConfigurationName = Release;
		};
/* End XCConfigurationList section */
	};
	rootObject = 0D749B8F1E7A8AD600E26FD3 /* Project object */;
}
